// !$*UTF8*$!
{
	archiveVersion = 1;
	classes = {
	};
	objectVersion = 56;
	objects = {

/* Begin PBXBuildFile section */
		AA11DD452F89BC35001662E6 /* screenShot.png in Resources */ = {isa = PBXBuildFile; fileRef = AA11DD442F89BC35001662E6 /* screenShot.png */; };
		AABB3FCD2F85AC3700810F2D /* Circle_Safety_MapApp.swift in Sources */ = {isa = PBXBuildFile; fileRef = AABB3FCC2F85AC3700810F2D /* Circle_Safety_MapApp.swift */; };
		AABB3FD12F85AC3900810F2D /* Assets.xcassets in Resources */ = {isa = PBXBuildFile; fileRef = AABB3FD02F85AC3900810F2D /* Assets.xcassets */; };
		AABB3FD42F85AC3900810F2D /* Preview Assets.xcassets in Resources */ = {isa = PBXBuildFile; fileRef = AABB3FD32F85AC3900810F2D /* Preview Assets.xcassets */; };
		AABB3FDA2F85AF5100810F2D /* ContentView.swift in Sources */ = {isa = PBXBuildFile; fileRef = AABB3FCE2F85AC3700810F2D /* ContentView.swift */; };
		AABB3FDC2F871B9900810F2D /* locationManager.swift in Sources */ = {isa = PBXBuildFile; fileRef = AABB3FDB2F871B9900810F2D /* locationManager.swift */; };
		AABB3FE02F87216200810F2D /* SafetyUpdateType.swift in Sources */ = {isa = PBXBuildFile; fileRef = AABB3FDF2F87216200810F2D /* SafetyUpdateType.swift */; };
		AABB3FE22F8721DB00810F2D /* SafetyUpdate.swift in Sources */ = {isa = PBXBuildFile; fileRef = AABB3FE12F8721DB00810F2D /* SafetyUpdate.swift */; };
		AABB3FE52F8722ED00810F2D /* AddUpdateSheet.swift in Sources */ = {isa = PBXBuildFile; fileRef = AABB3FE42F8722ED00810F2D /* AddUpdateSheet.swift */; };
		AABB3FE72F8723E800810F2D /* UpdateCard.swift in Sources */ = {isa = PBXBuildFile; fileRef = AABB3FE62F8723E800810F2D /* UpdateCard.swift */; };
/* End PBXBuildFile section */

/* Begin PBXFileReference section */
		AA11DD412F89BABE001662E6 /* example.webp */ = {isa = PBXFileReference; lastKnownFileType = file; path = example.webp; sourceTree = "<group>"; };
		AA11DD442F89BC35001662E6 /* screenShot.png */ = {isa = PBXFileReference; lastKnownFileType = image.png; path = screenShot.png; sourceTree = "<group>"; };
		AABB3FC92F85AC3600810F2D /* Circle_Safety_Map.app */ = {isa = PBXFileReference; explicitFileType = wrapper.application; includeInIndex = 0; path = Circle_Safety_Map.app; sourceTree = BUILT_PRODUCTS_DIR; };
		AABB3FCC2F85AC3700810F2D /* Circle_Safety_MapApp.swift */ = {isa = PBXFileReference; lastKnownFileType = sourcecode.swift; path = Circle_Safety_MapApp.swift; sourceTree = "<group>"; };
		AABB3FCE2F85AC3700810F2D /* ContentView.swift */ = {isa = PBXFileReference; lastKnownFileType = sourcecode.swift; path = ContentView.swift; sourceTree = "<group>"; };
		AABB3FD02F85AC3900810F2D /* Assets.xcassets */ = {isa = PBXFileReference; lastKnownFileType = folder.assetcatalog; path = Assets.xcassets; sourceTree = "<group>"; };
		AABB3FD32F85AC3900810F2D /* Preview Assets.xcassets */ = {isa = PBXFileReference; lastKnownFileType = folder.assetcatalog; path = "Preview Assets.xcassets"; sourceTree = "<group>"; };
		AABB3FDB2F871B9900810F2D /* locationManager.swift */ = {isa = PBXFileReference; lastKnownFileType = sourcecode.swift; path = locationManager.swift; sourceTree = "<group>"; };
		AABB3FDF2F87216200810F2D /* SafetyUpdateType.swift */ = {isa = PBXFileReference; lastKnownFileType = sourcecode.swift; path = SafetyUpdateType.swift; sourceTree = "<group>"; };
		AABB3FE12F8721DB00810F2D /* SafetyUpdate.swift */ = {isa = PBXFileReference; lastKnownFileType = sourcecode.swift; path = SafetyUpdate.swift; sourceTree = "<group>"; };
		AABB3FE42F8722ED00810F2D /* AddUpdateSheet.swift */ = {isa = PBXFileReference; lastKnownFileType = sourcecode.swift; path = AddUpdateSheet.swift; sourceTree = "<group>"; };
		AABB3FE62F8723E800810F2D /* UpdateCard.swift */ = {isa = PBXFileReference; lastKnownFileType = sourcecode.swift; path = UpdateCard.swift; sourceTree = "<group>"; };
/* End PBXFileReference section */

/* Begin PBXFrameworksBuildPhase section */
		AABB3FC62F85AC3600810F2D /* Frameworks */ = {
			isa = PBXFrameworksBuildPhase;
			buildActionMask = 2147483647;
			files = (
			);
			runOnlyForDeploymentPostprocessing = 0;
		};
/* End PBXFrameworksBuildPhase section */

/* Begin PBXGroup section */
		AA11DD402F89BA6B001662E6 /* Asserts */ = {
			isa = PBXGroup;
			children = (
				AA11DD442F89BC35001662E6 /* screenShot.png */,
				AA11DD412F89BABE001662E6 /* example.webp */,
			);
			path = Asserts;
			sourceTree = "<group>";
		};
		AABB3FC02F85AC3600810F2D = {
			isa = PBXGroup;
			children = (
				AABB3FCB2F85AC3600810F2D /* Circle_Safety_Map */,
				AABB3FCA2F85AC3600810F2D /* Products */,
			);
			sourceTree = "<group>";
		};
		AABB3FCA2F85AC3600810F2D /* Products */ = {
			isa = PBXGroup;
			children = (
				AABB3FC92F85AC3600810F2D /* Circle_Safety_Map.app */,
			);
			name = Products;
			sourceTree = "<group>";
		};
		AABB3FCB2F85AC3600810F2D /* Circle_Safety_Map */ = {
			isa = PBXGroup;
			children = (
				AA11DD402F89BA6B001662E6 /* Asserts */,
				AABB3FE32F8722E000810F2D /* View */,
				AABB3FDE2F87214200810F2D /* Models */,
				AABB3FCC2F85AC3700810F2D /* Circle_Safety_MapApp.swift */,
				AABB3FCE2F85AC3700810F2D /* ContentView.swift */,
				AABB3FD02F85AC3900810F2D /* Assets.xcassets */,
				AABB3FD22F85AC3900810F2D /* Preview Content */,
				AABB3FDB2F871B9900810F2D /* locationManager.swift */,
			);
			path = Circle_Safety_Map;
			sourceTree = "<group>";
		};
		AABB3FD22F85AC3900810F2D /* Preview Content */ = {
			isa = PBXGroup;
			children = (
				AABB3FD32F85AC3900810F2D /* Preview Assets.xcassets */,
			);
			path = "Preview Content";
			sourceTree = "<group>";
		};
		AABB3FDE2F87214200810F2D /* Models */ = {
			isa = PBXGroup;
			children = (
				AABB3FDF2F87216200810F2D /* SafetyUpdateType.swift */,
				AABB3FE12F8721DB00810F2D /* SafetyUpdate.swift */,
			);
			path = Models;
			sourceTree = "<group>";
		};
		AABB3FE32F8722E000810F2D /* View */ = {
			isa = PBXGroup;
			children = (
				AABB3FE42F8722ED00810F2D /* AddUpdateSheet.swift */,
				AABB3FE62F8723E800810F2D /* UpdateCard.swift */,
			);
			path = View;
			sourceTree = "<group>";
		};
/* End PBXGroup section */

/* Begin PBXNativeTarget section */
		AABB3FC82F85AC3600810F2D /* Circle_Safety_Map */ = {
			isa = PBXNativeTarget;
			buildConfigurationList = AABB3FD72F85AC3900810F2D /* Build configuration list for PBXNativeTarget "Circle_Safety_Map" */;
			buildPhases = (
				AABB3FC52F85AC3600810F2D /* Sources */,
				AABB3FC62F85AC3600810F2D /* Frameworks */,
				AABB3FC72F85AC3600810F2D /* Resources */,
			);
			buildRules = (
			);
			dependencies = (
			);
			name = Circle_Safety_Map;
			productName = Circle_Safety_Map;
			productReference = AABB3FC92F85AC3600810F2D /* Circle_Safety_Map.app */;
			productType = "com.apple.product-type.application";
		};
/* End PBXNativeTarget section */

/* Begin PBXProject section */
		AABB3FC12F85AC3600810F2D /* Project object */ = {
			isa = PBXProject;
			attributes = {
				BuildIndependentTargetsInParallel = 1;
				LastSwiftUpdateCheck = 1510;
				LastUpgradeCheck = 1510;
				TargetAttributes = {
					AABB3FC82F85AC3600810F2D = {
						CreatedOnToolsVersion = 15.1;
					};
				};
			};
			buildConfigurationList = AABB3FC42F85AC3600810F2D /* Build configuration list for PBXProject "Circle_Safety_Map" */;
			compatibilityVersion = "Xcode 14.0";
			developmentRegion = en;
			hasScannedForEncodings = 0;
			knownRegions = (
				en,
				Base,
			);
			mainGroup = AABB3FC02F85AC3600810F2D;
			productRefGroup = AABB3FCA2F85AC3600810F2D /* Products */;
			projectDirPath = "";
			projectRoot = "";
			targets = (
				AABB3FC82F85AC3600810F2D /* Circle_Safety_Map */,
			);
		};
/* End PBXProject section */

/* Begin PBXResourcesBuildPhase section */
		AABB3FC72F85AC3600810F2D /* Resources */ = {
			isa = PBXResourcesBuildPhase;
			buildActionMask = 2147483647;
			files = (
				AABB3FD42F85AC3900810F2D /* Preview Assets.xcassets in Resources */,
				AA11DD452F89BC35001662E6 /* screenShot.png in Resources */,
				AABB3FD12F85AC3900810F2D /* Assets.xcassets in Resources */,
			);
			runOnlyForDeploymentPostprocessing = 0;
		};
/* End PBXResourcesBuildPhase section */

/* Begin PBXSourcesBuildPhase section */
		AABB3FC52F85AC3600810F2D /* Sources */ = {
			isa = PBXSourcesBuildPhase;
			buildActionMask = 2147483647;
			files = (
				AABB3FE22F8721DB00810F2D /* SafetyUpdate.swift in Sources */,
				AABB3FE72F8723E800810F2D /* UpdateCard.swift in Sources */,
				AABB3FDA2F85AF5100810F2D /* ContentView.swift in Sources */,
				AABB3FE52F8722ED00810F2D /* AddUpdateSheet.swift in Sources */,
				AABB3FCD2F85AC3700810F2D /* Circle_Safety_MapApp.swift in Sources */,
				AABB3FE02F87216200810F2D /* SafetyUpdateType.swift in Sources */,
				AABB3FDC2F871B9900810F2D /* locationManager.swift in Sources */,
			);
			runOnlyForDeploymentPostprocessing = 0;
		};
/* End PBXSourcesBuildPhase section */

/* Begin XCBuildConfiguration section */
		AABB3FD52F85AC3900810F2D /* Debug */ = {
			isa = XCBuildConfiguration;
			buildSettings = {
				ALWAYS_SEARCH_USER_PATHS = NO;
				ASSETCATALOG_COMPILER_GENERATE_SWIFT_ASSET_SYMBOL_EXTENSIONS = YES;
				CLANG_ANALYZER_NONNULL = YES;
				CLANG_ANALYZER_NUMBER_OBJECT_CONVERSION = YES_AGGRESSIVE;
				CLANG_CXX_LANGUAGE_STANDARD = "gnu++20";
				CLANG_ENABLE_MODULES = YES;
				CLANG_ENABLE_OBJC_ARC = YES;
				CLANG_ENABLE_OBJC_WEAK = YES;
				CLANG_WARN_BLOCK_CAPTURE_AUTORELEASING = YES;
				CLANG_WARN_BOOL_CONVERSION = YES;
				CLANG_WARN_COMMA = YES;
				CLANG_WARN_CONSTANT_CONVERSION = YES;
				CLANG_WARN_DEPRECATED_OBJC_IMPLEMENTATIONS = YES;
				CLANG_WARN_DIRECT_OBJC_ISA_USAGE = YES_ERROR;
				CLANG_WARN_DOCUMENTATION_COMMENTS = YES;
				CLANG_WARN_EMPTY_BODY = YES;
				CLANG_WARN_ENUM_CONVERSION = YES;
				CLANG_WARN_INFINITE_RECURSION = YES;
				CLANG_WARN_INT_CONVERSION = YES;
				CLANG_WARN_NON_LITERAL_NULL_CONVERSION = YES;
				CLANG_WARN_OBJC_IMPLICIT_RETAIN_SELF = YES;
				CLANG_WARN_OBJC_LITERAL_CONVERSION = YES;
				CLANG_WARN_OBJC_ROOT_CLASS = YES_ERROR;
				CLANG_WARN_QUOTED_INCLUDE_IN_FRAMEWORK_HEADER = YES;
				CLANG_WARN_RANGE_LOOP_ANALYSIS = YES;
				CLANG_WARN_STRICT_PROTOTYPES = YES;
				CLANG_WARN_SUSPICIOUS_MOVE = YES;
				CLANG_WARN_UNGUARDED_AVAILABILITY = YES_AGGRESSIVE;
				CLANG_WARN_UNREACHABLE_CODE = YES;
				CLANG_WARN__DUPLICATE_METHOD_MATCH = YES;
				COPY_PHASE_STRIP = NO;
				DEBUG_INFORMATION_FORMAT = dwarf;
				ENABLE_STRICT_OBJC_MSGSEND = YES;
				ENABLE_TESTABILITY = YES;
				ENABLE_USER_SCRIPT_SANDBOXING = YES;
				GCC_C_LANGUAGE_STANDARD = gnu17;
				GCC_DYNAMIC_NO_PIC = NO;
				GCC_NO_COMMON_BLOCKS = YES;
				GCC_OPTIMIZATION_LEVEL = 0;
				GCC_PREPROCESSOR_DEFINITIONS = (
					"DEBUG=1",
					"$(inherited)",
				);
				GCC_WARN_64_TO_32_BIT_CONVERSION = YES;
				GCC_WARN_ABOUT_RETURN_TYPE = YES_ERROR;
				GCC_WARN_UNDECLARED_SELECTOR = YES;
				GCC_WARN_UNINITIALIZED_AUTOS = YES_AGGRESSIVE;
				GCC_WARN_UNUSED_FUNCTION = YES;
				GCC_WARN_UNUSED_VARIABLE = YES;
				IPHONEOS_DEPLOYMENT_TARGET = 17.2;
				LOCALIZATION_PREFERS_STRING_CATALOGS = YES;
				MTL_ENABLE_DEBUG_INFO = INCLUDE_SOURCE;
				MTL_FAST_MATH = YES;
				ONLY_ACTIVE_ARCH = YES;
				SDKROOT = iphoneos;
				SWIFT_ACTIVE_COMPILATION_CONDITIONS = "DEBUG $(inherited)";
				SWIFT_OPTIMIZATION_LEVEL = "-Onone";
			};
			name = Debug;
		};
		AABB3FD62F85AC3900810F2D /* Release */ = {
			isa = XCBuildConfiguration;
			buildSettings = {
				ALWAYS_SEARCH_USER_PATHS = NO;
				ASSETCATALOG_COMPILER_GENERATE_SWIFT_ASSET_SYMBOL_EXTENSIONS = YES;
				CLANG_ANALYZER_NONNULL = YES;
				CLANG_ANALYZER_NUMBER_OBJECT_CONVERSION = YES_AGGRESSIVE;
				CLANG_CXX_LANGUAGE_STANDARD = "gnu++20";
				CLANG_ENABLE_MODULES = YES;
				CLANG_ENABLE_OBJC_ARC = YES;
				CLANG_ENABLE_OBJC_WEAK = YES;
				CLANG_WARN_BLOCK_CAPTURE_AUTORELEASING = YES;
				CLANG_WARN_BOOL_CONVERSION = YES;
				CLANG_WARN_COMMA = YES;
				CLANG_WARN_CONSTANT_CONVERSION = YES;
				CLANG_WARN_DEPRECATED_OBJC_IMPLEMENTATIONS = YES;
				CLANG_WARN_DIRECT_OBJC_ISA_USAGE = YES_ERROR;
				CLANG_WARN_DOCUMENTATION_COMMENTS = YES;
				CLANG_WARN_EMPTY_BODY = YES;
				CLANG_WARN_ENUM_CONVERSION = YES;
				CLANG_WARN_INFINITE_RECURSION = YES;
				CLANG_WARN_INT_CONVERSION = YES;
				CLANG_WARN_NON_LITERAL_NULL_CONVERSION = YES;
				CLANG_WARN_OBJC_IMPLICIT_RETAIN_SELF = YES;
				CLANG_WARN_OBJC_LITERAL_CONVERSION = YES;
				CLANG_WARN_OBJC_ROOT_CLASS = YES_ERROR;
				CLANG_WARN_QUOTED_INCLUDE_IN_FRAMEWORK_HEADER = YES;
				CLANG_WARN_RANGE_LOOP_ANALYSIS = YES;
				CLANG_WARN_STRICT_PROTOTYPES = YES;
				CLANG_WARN_SUSPICIOUS_MOVE = YES;
				CLANG_WARN_UNGUARDED_AVAILABILITY = YES_AGGRESSIVE;
				CLANG_WARN_UNREACHABLE_CODE = YES;
				CLANG_WARN__DUPLICATE_METHOD_MATCH = YES;
				COPY_PHASE_STRIP = NO;
				DEBUG_INFORMATION_FORMAT = "dwarf-with-dsym";
				ENABLE_NS_ASSERTIONS = NO;
				ENABLE_STRICT_OBJC_MSGSEND = YES;
				ENABLE_USER_SCRIPT_SANDBOXING = YES;
				GCC_C_LANGUAGE_STANDARD = gnu17;
				GCC_NO_COMMON_BLOCKS = YES;
				GCC_WARN_64_TO_32_BIT_CONVERSION = YES;
				GCC_WARN_ABOUT_RETURN_TYPE = YES_ERROR;
				GCC_WARN_UNDECLARED_SELECTOR = YES;
				GCC_WARN_UNINITIALIZED_AUTOS = YES_AGGRESSIVE;
				GCC_WARN_UNUSED_FUNCTION = YES;
				GCC_WARN_UNUSED_VARIABLE = YES;
				IPHONEOS_DEPLOYMENT_TARGET = 17.2;
				LOCALIZATION_PREFERS_STRING_CATALOGS = YES;
				MTL_ENABLE_DEBUG_INFO = NO;
				MTL_FAST_MATH = YES;
				SDKROOT = iphoneos;
				SWIFT_COMPILATION_MODE = wholemodule;
				VALIDATE_PRODUCT = YES;
			};
			name = Release;
		};
		AABB3FD82F85AC3900810F2D /* Debug */ = {
			isa = XCBuildConfiguration;
			buildSettings = {
				ASSETCATALOG_COMPILER_APPICON_NAME = AppIcon;
				ASSETCATALOG_COMPILER_GLOBAL_ACCENT_COLOR_NAME = AccentColor;
				CODE_SIGN_STYLE = Automatic;
				CURRENT_PROJECT_VERSION = 1;
				DEVELOPMENT_ASSET_PATHS = "\"Circle_Safety_Map/Preview Content\"";
				DEVELOPMENT_TEAM = 6J7G2GC3TR;
				ENABLE_PREVIEWS = YES;
				GENERATE_INFOPLIST_FILE = YES;
				INFOPLIST_KEY_LSApplicationCategoryType = "";
				INFOPLIST_KEY_NSLocationWhenInUseUsageDescription = "We need your location to show your position";
				INFOPLIST_KEY_NSPhotoLibraryUsageDescription = "";
				INFOPLIST_KEY_UIApplicationSceneManifest_Generation = YES;
				INFOPLIST_KEY_UIApplicationSupportsIndirectInputEvents = YES;
				INFOPLIST_KEY_UILaunchScreen_Generation = YES;
				INFOPLIST_KEY_UISupportedInterfaceOrientations_iPad = "UIInterfaceOrientationPortrait UIInterfaceOrientationPortraitUpsideDown UIInterfaceOrientationLandscapeLeft UIInterfaceOrientationLandscapeRight";
				INFOPLIST_KEY_UISupportedInterfaceOrientations_iPhone = "UIInterfaceOrientationPortrait UIInterfaceOrientationLandscapeLeft UIInterfaceOrientationLandscapeRight";
				LD_RUNPATH_SEARCH_PATHS = (
					"$(inherited)",
					"@executable_path/Frameworks",
				);
				MARKETING_VERSION = 1.0;
				PRODUCT_BUNDLE_IDENTIFIER = "gmail.Damon.Circle-Safety-Map";
				PRODUCT_NAME = "$(TARGET_NAME)";
				SWIFT_EMIT_LOC_STRINGS = YES;
				SWIFT_VERSION = 5.0;
				TARGETED_DEVICE_FAMILY = "1,2";
			};
			name = Debug;
		};
		AABB3FD92F85AC3900810F2D /* Release */ = {
			isa = XCBuildConfiguration;
			buildSettings = {
				ASSETCATALOG_COMPILER_APPICON_NAME = AppIcon;
				ASSETCATALOG_COMPILER_GLOBAL_ACCENT_COLOR_NAME = AccentColor;
				CODE_SIGN_STYLE = Automatic;
				CURRENT_PROJECT_VERSION = 1;
				DEVELOPMENT_ASSET_PATHS = "\"Circle_Safety_Map/Preview Content\"";
				DEVELOPMENT_TEAM = 6J7G2GC3TR;
				ENABLE_PREVIEWS = YES;
				GENERATE_INFOPLIST_FILE = YES;
				INFOPLIST_KEY_LSApplicationCategoryType = "";
				INFOPLIST_KEY_NSLocationWhenInUseUsageDescription = "We need your location to show your position";
				INFOPLIST_KEY_NSPhotoLibraryUsageDescription = "";
				INFOPLIST_KEY_UIApplicationSceneManifest_Generation = YES;
				INFOPLIST_KEY_UIApplicationSupportsIndirectInputEvents = YES;
				INFOPLIST_KEY_UILaunchScreen_Generation = YES;
				INFOPLIST_KEY_UISupportedInterfaceOrientations_iPad = "UIInterfaceOrientationPortrait UIInterfaceOrientationPortraitUpsideDown UIInterfaceOrientationLandscapeLeft UIInterfaceOrientationLandscapeRight";
				INFOPLIST_KEY_UISupportedInterfaceOrientations_iPhone = "UIInterfaceOrientationPortrait UIInterfaceOrientationLandscapeLeft UIInterfaceOrientationLandscapeRight";
				LD_RUNPATH_SEARCH_PATHS = (
					"$(inherited)",
					"@executable_path/Frameworks",
				);
				MARKETING_VERSION = 1.0;
				PRODUCT_BUNDLE_IDENTIFIER = "gmail.Damon.Circle-Safety-Map";
				PRODUCT_NAME = "$(TARGET_NAME)";
				SWIFT_EMIT_LOC_STRINGS = YES;
				SWIFT_VERSION = 5.0;
				TARGETED_DEVICE_FAMILY = "1,2";
			};
			name = Release;
		};
/* End XCBuildConfiguration section */

/* Begin XCConfigurationList section */
		AABB3FC42F85AC3600810F2D /* Build configuration list for PBXProject "Circle_Safety_Map" */ = {
			isa = XCConfigurationList;
			buildConfigurations = (
				AABB3FD52F85AC3900810F2D /* Debug */,
				AABB3FD62F85AC3900810F2D /* Release */,
			);
			defaultConfigurationIsVisible = 0;
			defaultConfigurationName = Release;
		};
		AABB3FD72F85AC3900810F2D /* Build configuration list for PBXNativeTarget "Circle_Safety_Map" */ = {
			isa = XCConfigurationList;
			buildConfigurations = (
				AABB3FD82F85AC3900810F2D /* Debug */,
				AABB3FD92F85AC3900810F2D /* Release */,
			);
			defaultConfigurationIsVisible = 0;
			defaultConfigurationName = Release;
		};
/* End XCConfigurationList section */
	};
	rootObject = AABB3FC12F85AC3600810F2D /* Project object */;
}
